
Microsoft Visual Studio Solution File, Format Version 12.00
# Visual Studio Version 17
VisualStudioVersion = 17.0.31903.59
MinimumVisualStudioVersion = 10.0.40219.1
Project("{FAE04EC0-301F-11D3-BF4B-00C04F79EFBC}") = "PatientService", "PatientService\PatientService.csproj", "{E2F6834A-4B45-4CA6-B97F-7CF0283C1BCF}"
EndProject
Project("{FAE04EC0-301F-11D3-BF4B-00C04F79EFBC}") = "OcelotGateway", "OcelotGateway\OcelotGateway.csproj", "{7BE9EC7F-5A3A-4C2D-89CC-2A37B68BB03A}"
EndProject
Project("{FAE04EC0-301F-11D3-BF4B-00C04F79EFBC}") = "MicroFrontend", "MicroFrontend\MicroFrontend.csproj", "{698FADFB-7CAC-4209-AC97-BEFBF48C693F}"
EndProject
Project("{2150E333-8FDC-42A3-9474-1A3956D46DE8}") = "Éléments de solution", "Éléments de solution", "{DBC29898-7E12-4695-9211-220E0B9E7925}"
	ProjectSection(SolutionItems) = preProject
		docker-compose.yml = docker-compose.yml
	EndProjectSection
EndProject
Global
	GlobalSection(SolutionConfigurationPlatforms) = preSolution
		Debug|Any CPU = Debug|Any CPU
		Release|Any CPU = Release|Any CPU
	EndGlobalSection
	GlobalSection(ProjectConfigurationPlatforms) = postSolution
		{E2F6834A-4B45-4CA6-B97F-7CF0283C1BCF}.Debug|Any CPU.ActiveCfg = Debug|Any CPU
		{E2F6834A-4B45-4CA6-B97F-7CF0283C1BCF}.Debug|Any CPU.Build.0 = Debug|Any CPU
		{E2F6834A-4B45-4CA6-B97F-7CF0283C1BCF}.Release|Any CPU.ActiveCfg = Release|Any CPU
		{E2F6834A-4B45-4CA6-B97F-7CF0283C1BCF}.Release|Any CPU.Build.0 = Release|Any CPU
		{7BE9EC7F-5A3A-4C2D-89CC-2A37B68BB03A}.Debug|Any CPU.ActiveCfg = Debug|Any CPU
		{7BE9EC7F-5A3A-4C2D-89CC-2A37B68BB03A}.Debug|Any CPU.Build.0 = Debug|Any CPU
		{7BE9EC7F-5A3A-4C2D-89CC-2A37B68BB03A}.Release|Any CPU.ActiveCfg = Release|Any CPU
		{7BE9EC7F-5A3A-4C2D-89CC-2A37B68BB03A}.Release|Any CPU.Build.0 = Release|Any CPU
		{698FADFB-7CAC-4209-AC97-BEFBF48C693F}.Debug|Any CPU.ActiveCfg = Debug|Any CPU
		{698FADFB-7CAC-4209-AC97-BEFBF48C693F}.Debug|Any CPU.Build.0 = Debug|Any CPU
		{698FADFB-7CAC-4209-AC97-BEFBF48C693F}.Release|Any CPU.ActiveCfg = Release|Any CPU
		{698FADFB-7CAC-4209-AC97-BEFBF48C693F}.Release|Any CPU.Build.0 = Release|Any CPU
	EndGlobalSection
	GlobalSection(SolutionProperties) = preSolution
		HideSolutionNode = FALSE
	EndGlobalSection
EndGlobal
